
Microsoft Visual Studio Solution File, Format Version 12.00
# Visual Studio Version 17
VisualStudioVersion = 17.14.37216.2
MinimumVisualStudioVersion = 10.0.40219.1
Project("{8BC9CEB8-8B4A-11D0-8D11-00A0C91BC942}") = "EmbeddedProject1", "EmbeddedProject1.vcxproj", "{2C37FDE3-A45A-EFA6-EEDB-ED018F4BBBEC}"
EndProject
Global
	GlobalSection(SolutionConfigurationPlatforms) = preSolution
		Debug|x86 = Debug|x86
		Debug2|x86 = Debug2|x86
		Release|x86 = Release|x86
	EndGlobalSection
	GlobalSection(ProjectConfigurationPlatforms) = postSolution
		{2C37FDE3-A45A-EFA6-EEDB-ED018F4BBBEC}.Debug|x86.ActiveCfg = Debug|Win32
		{2C37FDE3-A45A-EFA6-EEDB-ED018F4BBBEC}.Debug|x86.Build.0 = Debug|Win32
		{2C37FDE3-A45A-EFA6-EEDB-ED018F4BBBEC}.Debug2|x86.ActiveCfg = Debug2|Win32
		{2C37FDE3-A45A-EFA6-EEDB-ED018F4BBBEC}.Debug2|x86.Build.0 = Debug2|Win32
		{2C37FDE3-A45A-EFA6-EEDB-ED018F4BBBEC}.Release|x86.ActiveCfg = Release|Win32
		{2C37FDE3-A45A-EFA6-EEDB-ED018F4BBBEC}.Release|x86.Build.0 = Release|Win32
	EndGlobalSection
	GlobalSection(SolutionProperties) = preSolution
		HideSolutionNode = FALSE
	EndGlobalSection
	GlobalSection(ExtensibilityGlobals) = postSolution
		SolutionGuid = {23D3C4E1-A7AC-4F84-A495-6D9052BF230A}
	EndGlobalSection
EndGlobal
